PODS:
  - Alamofire (5.10.2)
  - AnyCodable-FlightSchool (0.6.7)
  - BlueCryptor (1.0.32)
  - BlueECC (1.2.5)
  - BlueRSA (1.0.200)
  - camera (0.0.1):
    - Flutter
  - device_info (0.0.1):
    - Flutter
  - ENMobileOCRSDK (1.0.1):
    - ENMobileSDK (= 1.3.3)
    - ENMobileUtils (= 1.0.1)
    - Factory (= 2.2.0)
  - ENMobileSDK (1.3.3):
    - AnyCodable-FlightSchool (~> 0.6.0)
    - ENUtils (= 1.3.3)
    - ReachabilitySwift
    - SwiftJWT
    - SwiftKeychainWrapper
  - ENMobileUtils (1.0.1):
    - Alamofire
    - Factory (= 2.2.0)
    - SwiftJWT
    - ZIPFoundation (~> 0.9)
  - ENMobileVisionSDK (1.0.1):
    - ENMobileSDK (= 1.3.3)
    - ENMobileUtils (= 1.0.1)
    - Factory (= 2.2.0)
  - ENUtils (1.3.3):
    - SwiftKeychainWrapper
    - ZIPFoundation (~> 0.9)
  - Factory (2.2.0)
  - Flutter (1.0.0)
  - flutter_barcode_scanner (2.0.0):
    - Flutter
  - flutter_document_picker (0.0.1):
    - Flutter
  - flutter_pdfview (1.0.2):
    - Flutter
  - flutter_webrtc (0.8.0):
    - Flutter
    - WebRTC-SDK (= 97.4692.05)
  - fluttertoast (0.0.2):
    - Flutter
    - Toast
  - FMDB (2.7.12):
    - FMDB/standard (= 2.7.12)
  - FMDB/Core (2.7.12)
  - FMDB/standard (2.7.12):
    - FMDB/Core
  - gallery_saver (0.0.1):
    - Flutter
  - geocoding_ios (1.0.5):
    - Flutter
  - geolocator_apple (1.2.0):
    - Flutter
  - google_mlkit_commons (0.8.1):
    - Flutter
    - MLKitVision
  - google_mlkit_text_recognition (0.13.1):
    - Flutter
    - google_mlkit_commons
    - GoogleMLKit/TextRecognition (~> 6.0.0)
  - GoogleDataTransport (9.4.1):
    - GoogleUtilities/Environment (~> 7.7)
    - nanopb (< 2.30911.0, >= 2.30908.0)
    - PromisesObjC (< 3.0, >= 1.2)
  - GoogleMLKit/MLKitCore (6.0.0):
    - MLKitCommon (~> 11.0.0)
  - GoogleMLKit/TextRecognition (6.0.0):
    - GoogleMLKit/MLKitCore
    - MLKitTextRecognition (~> 4.0.0)
  - GoogleToolboxForMac/Defines (4.2.1)
  - GoogleToolboxForMac/Logger (4.2.1):
    - GoogleToolboxForMac/Defines (= 4.2.1)
  - "GoogleToolboxForMac/NSData+zlib (4.2.1)":
    - GoogleToolboxForMac/Defines (= 4.2.1)
  - GoogleUtilities/Environment (7.13.3):
    - GoogleUtilities/Privacy
    - PromisesObjC (< 3.0, >= 1.2)
  - GoogleUtilities/Logger (7.13.3):
    - GoogleUtilities/Environment
    - GoogleUtilities/Privacy
  - GoogleUtilities/Privacy (7.13.3)
  - GoogleUtilities/UserDefaults (7.13.3):
    - GoogleUtilities/Logger
    - GoogleUtilities/Privacy
  - GoogleUtilitiesComponents (1.1.0):
    - GoogleUtilities/Logger
  - GTMSessionFetcher/Core (3.5.0)
  - http_proxy (0.0.1):
    - Flutter
  - image_cropper (0.0.4):
    - Flutter
    - TOCropViewController (~> 2.6.1)
  - image_picker_ios (0.0.1):
    - Flutter
  - KituraContracts (1.2.1):
    - LoggerAPI (~> 1.7)
  - local_auth_ios (0.0.1):
    - Flutter
  - LoggerAPI (1.9.200):
    - Logging (~> 1.1)
  - Logging (1.4.0)
  - MLImage (1.0.0-beta5)
  - MLKitCommon (11.0.0):
    - GoogleDataTransport (< 10.0, >= 9.4.1)
    - GoogleToolboxForMac/Logger (< 5.0, >= 4.2.1)
    - "GoogleToolboxForMac/NSData+zlib (< 5.0, >= 4.2.1)"
    - GoogleUtilities/UserDefaults (< 8.0, >= 7.13.0)
    - GoogleUtilitiesComponents (~> 1.0)
    - GTMSessionFetcher/Core (< 4.0, >= 3.3.2)
  - MLKitTextRecognition (4.0.0):
    - MLKitCommon (~> 11.0)
    - MLKitTextRecognitionCommon (= 3.0.0)
    - MLKitVision (~> 7.0)
  - MLKitTextRecognitionCommon (3.0.0):
    - MLKitCommon (~> 11.0)
    - MLKitVision (~> 7.0)
  - MLKitVision (7.0.0):
    - GoogleToolboxForMac/Logger (< 5.0, >= 4.2.1)
    - "GoogleToolboxForMac/NSData+zlib (< 5.0, >= 4.2.1)"
    - GTMSessionFetcher/Core (< 4.0, >= 3.3.2)
    - MLImage (= 1.0.0-beta5)
    - MLKitCommon (~> 11.0)
  - nanopb (2.30910.0):
    - nanopb/decode (= 2.30910.0)
    - nanopb/encode (= 2.30910.0)
  - nanopb/decode (2.30910.0)
  - nanopb/encode (2.30910.0)
  - open_file (0.0.1):
    - Flutter
  - package_info (0.0.1):
    - Flutter
  - path_provider_foundation (0.0.1):
    - Flutter
    - FlutterMacOS
  - permission_handler_apple (9.1.1):
    - Flutter
  - PromisesObjC (2.4.0)
  - ReachabilitySwift (5.2.4)
  - shared_preferences_foundation (0.0.1):
    - Flutter
    - FlutterMacOS
  - sqflite (0.0.3):
    - Flutter
    - FMDB (>= 2.7.5)
  - store_checker (0.0.1):
    - Flutter
  - store_redirect (0.0.1):
    - Flutter
  - SwiftJWT (3.6.200):
    - BlueCryptor (~> 1.0)
    - BlueECC (~> 1.1)
    - BlueRSA (~> 1.0)
    - KituraContracts (~> 1.2)
    - LoggerAPI (~> 1.7)
  - SwiftKeychainWrapper (4.0.1)
  - Toast (4.1.1)
  - TOCropViewController (2.6.1)
  - uni_links (0.0.1):
    - Flutter
  - url_launcher_ios (0.0.1):
    - Flutter
  - variable_app_icon (0.0.1):
    - Flutter
  - WebRTC-SDK (97.4692.05)
  - ZIPFoundation (0.9.19)

DEPENDENCIES:
  - camera (from `.symlinks/plugins/camera/ios`)
  - device_info (from `.symlinks/plugins/device_info/ios`)
  - ENMobileOCRSDK (= 1.0.1)
  - ENMobileVisionSDK (= 1.0.1)
  - Flutter (from `Flutter`)
  - flutter_barcode_scanner (from `.symlinks/plugins/flutter_barcode_scanner/ios`)
  - flutter_document_picker (from `.symlinks/plugins/flutter_document_picker/ios`)
  - flutter_pdfview (from `.symlinks/plugins/flutter_pdfview/ios`)
  - flutter_webrtc (from `.symlinks/plugins/flutter_webrtc/ios`)
  - fluttertoast (from `.symlinks/plugins/fluttertoast/ios`)
  - gallery_saver (from `.symlinks/plugins/gallery_saver/ios`)
  - geocoding_ios (from `.symlinks/plugins/geocoding_ios/ios`)
  - geolocator_apple (from `.symlinks/plugins/geolocator_apple/ios`)
  - google_mlkit_commons (from `.symlinks/plugins/google_mlkit_commons/ios`)
  - google_mlkit_text_recognition (from `.symlinks/plugins/google_mlkit_text_recognition/ios`)
  - http_proxy (from `.symlinks/plugins/http_proxy/ios`)
  - image_cropper (from `.symlinks/plugins/image_cropper/ios`)
  - image_picker_ios (from `.symlinks/plugins/image_picker_ios/ios`)
  - local_auth_ios (from `.symlinks/plugins/local_auth_ios/ios`)
  - open_file (from `.symlinks/plugins/open_file/ios`)
  - package_info (from `.symlinks/plugins/package_info/ios`)
  - path_provider_foundation (from `.symlinks/plugins/path_provider_foundation/ios`)
  - permission_handler_apple (from `.symlinks/plugins/permission_handler_apple/ios`)
  - shared_preferences_foundation (from `.symlinks/plugins/shared_preferences_foundation/ios`)
  - sqflite (from `.symlinks/plugins/sqflite/ios`)
  - store_checker (from `.symlinks/plugins/store_checker/ios`)
  - store_redirect (from `.symlinks/plugins/store_redirect/ios`)
  - uni_links (from `.symlinks/plugins/uni_links/ios`)
  - url_launcher_ios (from `.symlinks/plugins/url_launcher_ios/ios`)
  - variable_app_icon (from `.symlinks/plugins/variable_app_icon/ios`)

SPEC REPOS:
  https://github.com/euronovate/euronovate-pods.git:
    - ENMobileOCRSDK
    - ENMobileSDK
    - ENMobileUtils
    - ENMobileVisionSDK
    - ENUtils
  trunk:
    - Alamofire
    - AnyCodable-FlightSchool
    - BlueCryptor
    - BlueECC
    - BlueRSA
    - Factory
    - FMDB
    - GoogleDataTransport
    - GoogleMLKit
    - GoogleToolboxForMac
    - GoogleUtilities
    - GoogleUtilitiesComponents
    - GTMSessionFetcher
    - KituraContracts
    - LoggerAPI
    - Logging
    - MLImage
    - MLKitCommon
    - MLKitTextRecognition
    - MLKitTextRecognitionCommon
    - MLKitVision
    - nanopb
    - PromisesObjC
    - ReachabilitySwift
    - SwiftJWT
    - SwiftKeychainWrapper
    - Toast
    - TOCropViewController
    - WebRTC-SDK
    - ZIPFoundation

EXTERNAL SOURCES:
  camera:
    :path: ".symlinks/plugins/camera/ios"
  device_info:
    :path: ".symlinks/plugins/device_info/ios"
  Flutter:
    :path: Flutter
  flutter_barcode_scanner:
    :path: ".symlinks/plugins/flutter_barcode_scanner/ios"
  flutter_document_picker:
    :path: ".symlinks/plugins/flutter_document_picker/ios"
  flutter_pdfview:
    :path: ".symlinks/plugins/flutter_pdfview/ios"
  flutter_webrtc:
    :path: ".symlinks/plugins/flutter_webrtc/ios"
  fluttertoast:
    :path: ".symlinks/plugins/fluttertoast/ios"
  gallery_saver:
    :path: ".symlinks/plugins/gallery_saver/ios"
  geocoding_ios:
    :path: ".symlinks/plugins/geocoding_ios/ios"
  geolocator_apple:
    :path: ".symlinks/plugins/geolocator_apple/ios"
  google_mlkit_commons:
    :path: ".symlinks/plugins/google_mlkit_commons/ios"
  google_mlkit_text_recognition:
    :path: ".symlinks/plugins/google_mlkit_text_recognition/ios"
  http_proxy:
    :path: ".symlinks/plugins/http_proxy/ios"
  image_cropper:
    :path: ".symlinks/plugins/image_cropper/ios"
  image_picker_ios:
    :path: ".symlinks/plugins/image_picker_ios/ios"
  local_auth_ios:
    :path: ".symlinks/plugins/local_auth_ios/ios"
  open_file:
    :path: ".symlinks/plugins/open_file/ios"
  package_info:
    :path: ".symlinks/plugins/package_info/ios"
  path_provider_foundation:
    :path: ".symlinks/plugins/path_provider_foundation/ios"
  permission_handler_apple:
    :path: ".symlinks/plugins/permission_handler_apple/ios"
  shared_preferences_foundation:
    :path: ".symlinks/plugins/shared_preferences_foundation/ios"
  sqflite:
    :path: ".symlinks/plugins/sqflite/ios"
  store_checker:
    :path: ".symlinks/plugins/store_checker/ios"
  store_redirect:
    :path: ".symlinks/plugins/store_redirect/ios"
  uni_links:
    :path: ".symlinks/plugins/uni_links/ios"
  url_launcher_ios:
    :path: ".symlinks/plugins/url_launcher_ios/ios"
  variable_app_icon:
    :path: ".symlinks/plugins/variable_app_icon/ios"

SPEC CHECKSUMS:
  Alamofire: 7193b3b92c74a07f85569e1a6c4f4237291e7496
  AnyCodable-FlightSchool: 261cbe76757802b17d471b9059b21e6fa5edf57b
  BlueCryptor: b0aee3d9b8f367b49b30de11cda90e1735571c24
  BlueECC: 0d18e93347d3ec6d41416de21c1ffa4d4cd3c2cc
  BlueRSA: dfeef51db96bcc4edec654956c1581adbda4e6a3
  camera: a0ca5080336f7af47b88436e5e26da3dee5568f0
  device_info: d7d233b645a32c40dfdc212de5cf646ca482f175
  ENMobileOCRSDK: 44cc6050d507629088901aec9b8286c71114dd23
  ENMobileSDK: a6017b62febebb366654187ec0ec3bd8e4f01bb8
  ENMobileUtils: 0d46d0fe8234553b176e2c549cca36cdea5850a1
  ENMobileVisionSDK: 5ef8f45e3a6eb071d1794d7f8b0b59e1edfe520b
  ENUtils: e8f265eac93d157eecb9be34e5137603dd447df7
  Factory: ec9527abfa59ddf2a1b024914b1e380f616f9e03
  Flutter: f04841e97a9d0b0a8025694d0796dd46242b2854
  flutter_barcode_scanner: 7a1144744c28dc0c57a8de7218ffe5ec59a9e4bf
  flutter_document_picker: 109ba1c4622e6e62bfced17c22ff544a9a3541f4
  flutter_pdfview: 2e4d13ffb774858562ffbdfdb61b40744b191adc
  flutter_webrtc: 1062ea68c08f530ad3d97f743729dd390d8cbf7b
  fluttertoast: 31b00dabfa7fb7bacd9e7dbee580d7a2ff4bf265
  FMDB: 728731dd336af3936ce00f91d9d8495f5718a0e6
  gallery_saver: 9fc173c9f4fcc48af53b2a9ebea1b643255be542
  geocoding_ios: a389ea40f6f548de6e63006a2e31bf66ff80769a
  geolocator_apple: cc556e6844d508c95df1e87e3ea6fa4e58c50401
  google_mlkit_commons: 242b715c38863e1ca5e732c909a1545ba52f1375
  google_mlkit_text_recognition: e36a265afba48580518dfc4532ce9fefaae7d20e
  GoogleDataTransport: 6c09b596d841063d76d4288cc2d2f42cc36e1e2a
  GoogleMLKit: 97ac7af399057e99182ee8edfa8249e3226a4065
  GoogleToolboxForMac: d1a2cbf009c453f4d6ded37c105e2f67a32206d8
  GoogleUtilities: ea963c370a38a8069cc5f7ba4ca849a60b6d7d15
  GoogleUtilitiesComponents: 679b2c881db3b615a2777504623df6122dd20afe
  GTMSessionFetcher: 5aea5ba6bd522a239e236100971f10cb71b96ab6
  http_proxy: 20f129d3e1c70cfdef92530b374c619832027729
  image_cropper: a3291c624a953049bc6a02e1f8c8ceb162a24b25
  image_picker_ios: 4a8aadfbb6dc30ad5141a2ce3832af9214a705b5
  KituraContracts: e845e60dc8627ad0a76fa55ef20a45451d8f830b
  local_auth_ios: c6cf091ded637a88f24f86a8875d8b0f526e2605
  LoggerAPI: ad9c4a6f1e32f518fdb43a1347ac14d765ab5e3d
  Logging: beeb016c9c80cf77042d62e83495816847ef108b
  MLImage: 1824212150da33ef225fbd3dc49f184cf611046c
  MLKitCommon: afec63980417d29ffbb4790529a1b0a2291699e1
  MLKitTextRecognition: c83c18ad25496f2077f6ec93c5940487ff2eb343
  MLKitTextRecognitionCommon: c0b3a63d529296a19bce1f8bc8a513644ed4d1f6
  MLKitVision: e858c5f125ecc288e4a31127928301eaba9ae0c1
  nanopb: 438bc412db1928dac798aa6fd75726007be04262
  open_file: 02eb5cb6b21264bd3a696876f5afbfb7ca4f4b7d
  package_info: 873975fc26034f0b863a300ad47e7f1ac6c7ec62
  path_provider_foundation: 29f094ae23ebbca9d3d0cec13889cd9060c0e943
  permission_handler_apple: e76247795d700c14ea09e3a2d8855d41ee80a2e6
  PromisesObjC: f5707f49cb48b9636751c5b2e7d227e43fba9f47
  ReachabilitySwift: 32793e867593cfc1177f5d16491e3a197d2fccda
  shared_preferences_foundation: 5b919d13b803cadd15ed2dc053125c68730e5126
  sqflite: 31f7eba61e3074736dff8807a9b41581e4f7f15a
  store_checker: 359c5051d9ec30ff0a8fa39eb5ec9df021bb745d
  store_redirect: 2977747cf81689a39bd62c248c2deacb7a0d131e
  SwiftJWT: 88c412708f58c169d431d344c87bc79a87c830ae
  SwiftKeychainWrapper: 807ba1d63c33a7d0613288512399cd1eda1e470c
  Toast: 1f5ea13423a1e6674c4abdac5be53587ae481c4e
  TOCropViewController: edfd4f25713d56905ad1e0b9f5be3fbe0f59c863
  uni_links: d97da20c7701486ba192624d99bffaaffcfc298a
  url_launcher_ios: 68d46cc9766d0c41dbdc884310529557e3cd7a86
  variable_app_icon: 77079bb62e9b19f424a4aef8dafef86492be13ca
  WebRTC-SDK: a6ee40bda0e3f7dba057907c3897374005c5715b
  ZIPFoundation: b8c29ea7ae353b309bc810586181fd073cb3312c

PODFILE CHECKSUM: 482ad224a5a5a26e7ee9f68697bacc3894b98060

COCOAPODS: 1.14.3
